
Microsoft Visual Studio Solution File, Format Version 12.00
# Visual Studio Version 16
VisualStudioVersion = 16.0.29905.134
MinimumVisualStudioVersion = 10.0.40219.1
Project("{FAE04EC0-301F-11D3-BF4B-00C04F79EFBC}") = "Titli", "Titli\Titli.csproj", "{2D853A56-1919-4531-AF52-C074FD16FDFD}"
EndProject
Project("{FAE04EC0-301F-11D3-BF4B-00C04F79EFBC}") = "Core", "Core\Core.csproj", "{CC5EB99E-7231-4E7A-A20F-36C63EDA9314}"
EndProject
Project("{2150E333-8FDC-42A3-9474-1A3956D46DE8}") = "Solution Items", "Solution Items", "{8E4170CE-F585-43A7-A1DB-8298FBAC83C7}"
EndProject
Global
	GlobalSection(SolutionConfigurationPlatforms) = preSolution
		Debug|Any CPU = Debug|Any CPU
		Release|Any CPU = Release|Any CPU
	EndGlobalSection
	GlobalSection(ProjectConfigurationPlatforms) = postSolution
		{2D853A56-1919-4531-AF52-C074FD16FDFD}.Debug|Any CPU.ActiveCfg = Debug|Any CPU
		{2D853A56-1919-4531-AF52-C074FD16FDFD}.Debug|Any CPU.Build.0 = Debug|Any CPU
		{2D853A56-1919-4531-AF52-C074FD16FDFD}.Release|Any CPU.ActiveCfg = Release|Any CPU
		{2D853A56-1919-4531-AF52-C074FD16FDFD}.Release|Any CPU.Build.0 = Release|Any CPU
		{CC5EB99E-7231-4E7A-A20F-36C63EDA9314}.Debug|Any CPU.ActiveCfg = Debug|Any CPU
		{CC5EB99E-7231-4E7A-A20F-36C63EDA9314}.Debug|Any CPU.Build.0 = Debug|Any CPU
		{CC5EB99E-7231-4E7A-A20F-36C63EDA9314}.Release|Any CPU.ActiveCfg = Release|Any CPU
		{CC5EB99E-7231-4E7A-A20F-36C63EDA9314}.Release|Any CPU.Build.0 = Release|Any CPU
	EndGlobalSection
	GlobalSection(SolutionProperties) = preSolution
		HideSolutionNode = FALSE
	EndGlobalSection
	GlobalSection(ExtensibilityGlobals) = postSolution
		SolutionGuid = {6415410B-7915-4EC4-8546-DF6B353C0E1C}
	EndGlobalSection
EndGlobal
